// !$*UTF8*$!
{
	archiveVersion = 1;
	classes = {
	};
	objectVersion = 56;
	objects = {

/* Begin PBXBuildFile section */
		CC8CBBBF2A56F9930089F9CB /* FoodMarketApp.swift in Sources */ = {isa = PBXBuildFile; fileRef = CC8CBBBE2A56F9930089F9CB /* FoodMarketApp.swift */; };
		CC8CBBC12A56F9930089F9CB /* ContentView.swift in Sources */ = {isa = PBXBuildFile; fileRef = CC8CBBC02A56F9930089F9CB /* ContentView.swift */; };
		CC8CBBC32A56F9940089F9CB /* Assets.xcassets in Resources */ = {isa = PBXBuildFile; fileRef = CC8CBBC22A56F9940089F9CB /* Assets.xcassets */; };
		CC8CBBC62A56F9940089F9CB /* Preview Assets.xcassets in Resources */ = {isa = PBXBuildFile; fileRef = CC8CBBC52A56F9940089F9CB /* Preview Assets.xcassets */; };
		CC8CBBCD2A56F9C80089F9CB /* EmptyView.swift in Sources */ = {isa = PBXBuildFile; fileRef = CC8CBBCC2A56F9C80089F9CB /* EmptyView.swift */; };
		CC8CBBD02A56FD920089F9CB /* MainView.swift in Sources */ = {isa = PBXBuildFile; fileRef = CC8CBBCF2A56FD920089F9CB /* MainView.swift */; };
		CC8CBBD22A56FDBB0089F9CB /* DateLocalView.swift in Sources */ = {isa = PBXBuildFile; fileRef = CC8CBBD12A56FDBB0089F9CB /* DateLocalView.swift */; };
		CC8CBBD52A5700980089F9CB /* Sfont.otf in Resources */ = {isa = PBXBuildFile; fileRef = CC8CBBD42A5700980089F9CB /* Sfont.otf */; };
		CC8CBBD92A5703630089F9CB /* Data + extension.swift in Sources */ = {isa = PBXBuildFile; fileRef = CC8CBBD82A5703630089F9CB /* Data + extension.swift */; };
		CC8CBBDD2A570BEB0089F9CB /* CategoryView.swift in Sources */ = {isa = PBXBuildFile; fileRef = CC8CBBDC2A570BEB0089F9CB /* CategoryView.swift */; };
		CC8CBBDF2A570DBB0089F9CB /* Category.swift in Sources */ = {isa = PBXBuildFile; fileRef = CC8CBBDE2A570DBB0089F9CB /* Category.swift */; };
		CC8CBBE22A570E2F0089F9CB /* ApiService.swift in Sources */ = {isa = PBXBuildFile; fileRef = CC8CBBE12A570E2F0089F9CB /* ApiService.swift */; };
		CC8CBBE42A570F310089F9CB /* Dishes.swift in Sources */ = {isa = PBXBuildFile; fileRef = CC8CBBE32A570F310089F9CB /* Dishes.swift */; };
		CC8CBBE72A570FA20089F9CB /* CombineCocoa in Frameworks */ = {isa = PBXBuildFile; productRef = CC8CBBE62A570FA20089F9CB /* CombineCocoa */; };
		CC8CBBE92A570FC00089F9CB /* Endpoint.swift in Sources */ = {isa = PBXBuildFile; fileRef = CC8CBBE82A570FC00089F9CB /* Endpoint.swift */; };
		CC8CBBEB2A5740A30089F9CB /* CategoryViewModel.swift in Sources */ = {isa = PBXBuildFile; fileRef = CC8CBBEA2A5740A30089F9CB /* CategoryViewModel.swift */; };
		CC8CBBED2A58718F0089F9CB /* ImageLoader.swift in Sources */ = {isa = PBXBuildFile; fileRef = CC8CBBEC2A58718F0089F9CB /* ImageLoader.swift */; };
		CC8CBBEF2A5872FC0089F9CB /* CategoryImage.swift in Sources */ = {isa = PBXBuildFile; fileRef = CC8CBBEE2A5872FC0089F9CB /* CategoryImage.swift */; };
		CC8CBBF32A59AC750089F9CB /* DishesViewModel.swift in Sources */ = {isa = PBXBuildFile; fileRef = CC8CBBF22A59AC750089F9CB /* DishesViewModel.swift */; };
		CC8CBBF52A59AE490089F9CB /* DishesView.swift in Sources */ = {isa = PBXBuildFile; fileRef = CC8CBBF42A59AE490089F9CB /* DishesView.swift */; };
		CC8CBBF72A5A81590089F9CB /* DishView.swift in Sources */ = {isa = PBXBuildFile; fileRef = CC8CBBF62A5A81590089F9CB /* DishView.swift */; };
		CC8CBBF92A5A873B0089F9CB /* PopUpView.swift in Sources */ = {isa = PBXBuildFile; fileRef = CC8CBBF82A5A873B0089F9CB /* PopUpView.swift */; };
		CC8CBBFD2A5BD3C00089F9CB /* HorizontalCategoryView.swift in Sources */ = {isa = PBXBuildFile; fileRef = CC8CBBFC2A5BD3C00089F9CB /* HorizontalCategoryView.swift */; };
/* End PBXBuildFile section */

/* Begin PBXFileReference section */
		CC8CBBBB2A56F9930089F9CB /* FoodMarket.app */ = {isa = PBXFileReference; explicitFileType = wrapper.application; includeInIndex = 0; path = FoodMarket.app; sourceTree = BUILT_PRODUCTS_DIR; };
		CC8CBBBE2A56F9930089F9CB /* FoodMarketApp.swift */ = {isa = PBXFileReference; lastKnownFileType = sourcecode.swift; path = FoodMarketApp.swift; sourceTree = "<group>"; };
		CC8CBBC02A56F9930089F9CB /* ContentView.swift */ = {isa = PBXFileReference; lastKnownFileType = sourcecode.swift; path = ContentView.swift; sourceTree = "<group>"; };
		CC8CBBC22A56F9940089F9CB /* Assets.xcassets */ = {isa = PBXFileReference; lastKnownFileType = folder.assetcatalog; path = Assets.xcassets; sourceTree = "<group>"; };
		CC8CBBC52A56F9940089F9CB /* Preview Assets.xcassets */ = {isa = PBXFileReference; lastKnownFileType = folder.assetcatalog; path = "Preview Assets.xcassets"; sourceTree = "<group>"; };
		CC8CBBCC2A56F9C80089F9CB /* EmptyView.swift */ = {isa = PBXFileReference; lastKnownFileType = sourcecode.swift; path = EmptyView.swift; sourceTree = "<group>"; };
		CC8CBBCF2A56FD920089F9CB /* MainView.swift */ = {isa = PBXFileReference; lastKnownFileType = sourcecode.swift; path = MainView.swift; sourceTree = "<group>"; };
		CC8CBBD12A56FDBB0089F9CB /* DateLocalView.swift */ = {isa = PBXFileReference; lastKnownFileType = sourcecode.swift; path = DateLocalView.swift; sourceTree = "<group>"; };
		CC8CBBD42A5700980089F9CB /* Sfont.otf */ = {isa = PBXFileReference; lastKnownFileType = file; path = Sfont.otf; sourceTree = "<group>"; };
		CC8CBBD62A5700AF0089F9CB /* Info.plist */ = {isa = PBXFileReference; lastKnownFileType = text.plist; path = Info.plist; sourceTree = "<group>"; };
		CC8CBBD82A5703630089F9CB /* Data + extension.swift */ = {isa = PBXFileReference; lastKnownFileType = sourcecode.swift; path = "Data + extension.swift"; sourceTree = "<group>"; };
		CC8CBBDC2A570BEB0089F9CB /* CategoryView.swift */ = {isa = PBXFileReference; lastKnownFileType = sourcecode.swift; path = CategoryView.swift; sourceTree = "<group>"; };
		CC8CBBDE2A570DBB0089F9CB /* Category.swift */ = {isa = PBXFileReference; lastKnownFileType = sourcecode.swift; path = Category.swift; sourceTree = "<group>"; };
		CC8CBBE12A570E2F0089F9CB /* ApiService.swift */ = {isa = PBXFileReference; lastKnownFileType = sourcecode.swift; path = ApiService.swift; sourceTree = "<group>"; };
		CC8CBBE32A570F310089F9CB /* Dishes.swift */ = {isa = PBXFileReference; lastKnownFileType = sourcecode.swift; path = Dishes.swift; sourceTree = "<group>"; };
		CC8CBBE82A570FC00089F9CB /* Endpoint.swift */ = {isa = PBXFileReference; lastKnownFileType = sourcecode.swift; path = Endpoint.swift; sourceTree = "<group>"; };
		CC8CBBEA2A5740A30089F9CB /* CategoryViewModel.swift */ = {isa = PBXFileReference; lastKnownFileType = sourcecode.swift; path = CategoryViewModel.swift; sourceTree = "<group>"; };
		CC8CBBEC2A58718F0089F9CB /* ImageLoader.swift */ = {isa = PBXFileReference; lastKnownFileType = sourcecode.swift; path = ImageLoader.swift; sourceTree = "<group>"; };
		CC8CBBEE2A5872FC0089F9CB /* CategoryImage.swift */ = {isa = PBXFileReference; lastKnownFileType = sourcecode.swift; path = CategoryImage.swift; sourceTree = "<group>"; };
		CC8CBBF22A59AC750089F9CB /* DishesViewModel.swift */ = {isa = PBXFileReference; lastKnownFileType = sourcecode.swift; path = DishesViewModel.swift; sourceTree = "<group>"; };
		CC8CBBF42A59AE490089F9CB /* DishesView.swift */ = {isa = PBXFileReference; lastKnownFileType = sourcecode.swift; path = DishesView.swift; sourceTree = "<group>"; };
		CC8CBBF62A5A81590089F9CB /* DishView.swift */ = {isa = PBXFileReference; lastKnownFileType = sourcecode.swift; path = DishView.swift; sourceTree = "<group>"; };
		CC8CBBF82A5A873B0089F9CB /* PopUpView.swift */ = {isa = PBXFileReference; lastKnownFileType = sourcecode.swift; path = PopUpView.swift; sourceTree = "<group>"; };
		CC8CBBFC2A5BD3C00089F9CB /* HorizontalCategoryView.swift */ = {isa = PBXFileReference; lastKnownFileType = sourcecode.swift; path = HorizontalCategoryView.swift; sourceTree = "<group>"; };
/* End PBXFileReference section */

/* Begin PBXFrameworksBuildPhase section */
		CC8CBBB82A56F9930089F9CB /* Frameworks */ = {
			isa = PBXFrameworksBuildPhase;
			buildActionMask = 2147483647;
			files = (
				CC8CBBE72A570FA20089F9CB /* CombineCocoa in Frameworks */,
			);
			runOnlyForDeploymentPostprocessing = 0;
		};
/* End PBXFrameworksBuildPhase section */

/* Begin PBXGroup section */
		CC8CBBB22A56F9930089F9CB = {
			isa = PBXGroup;
			children = (
				CC8CBBBD2A56F9930089F9CB /* FoodMarket */,
				CC8CBBBC2A56F9930089F9CB /* Products */,
			);
			sourceTree = "<group>";
		};
		CC8CBBBC2A56F9930089F9CB /* Products */ = {
			isa = PBXGroup;
			children = (
				CC8CBBBB2A56F9930089F9CB /* FoodMarket.app */,
			);
			name = Products;
			sourceTree = "<group>";
		};
		CC8CBBBD2A56F9930089F9CB /* FoodMarket */ = {
			isa = PBXGroup;
			children = (
				CC8CBBF02A59AABC0089F9CB /* ViewModels */,
				CC8CBBE02A570E170089F9CB /* ApiService */,
				CC8CBBDA2A57056A0089F9CB /* Model */,
				CC8CBBD72A5703560089F9CB /* Extension */,
				CC8CBBD62A5700AF0089F9CB /* Info.plist */,
				CC8CBBD32A5700660089F9CB /* Font */,
				CC8CBBCE2A56FD870089F9CB /* Views */,
				CC8CBBCC2A56F9C80089F9CB /* EmptyView.swift */,
				CC8CBBC02A56F9930089F9CB /* ContentView.swift */,
				CC8CBBBE2A56F9930089F9CB /* FoodMarketApp.swift */,
				CC8CBBC22A56F9940089F9CB /* Assets.xcassets */,
				CC8CBBC42A56F9940089F9CB /* Preview Content */,
			);
			path = FoodMarket;
			sourceTree = "<group>";
		};
		CC8CBBC42A56F9940089F9CB /* Preview Content */ = {
			isa = PBXGroup;
			children = (
				CC8CBBC52A56F9940089F9CB /* Preview Assets.xcassets */,
			);
			path = "Preview Content";
			sourceTree = "<group>";
		};
		CC8CBBCE2A56FD870089F9CB /* Views */ = {
			isa = PBXGroup;
			children = (
				CC8CBBF12A59AAE40089F9CB /* New Group */,
				CC8CBBDB2A570A780089F9CB /* MainScreen */,
			);
			path = Views;
			sourceTree = "<group>";
		};
		CC8CBBD32A5700660089F9CB /* Font */ = {
			isa = PBXGroup;
			children = (
				CC8CBBD42A5700980089F9CB /* Sfont.otf */,
			);
			path = Font;
			sourceTree = "<group>";
		};
		CC8CBBD72A5703560089F9CB /* Extension */ = {
			isa = PBXGroup;
			children = (
				CC8CBBD82A5703630089F9CB /* Data + extension.swift */,
			);
			path = Extension;
			sourceTree = "<group>";
		};
		CC8CBBDA2A57056A0089F9CB /* Model */ = {
			isa = PBXGroup;
			children = (
				CC8CBBDE2A570DBB0089F9CB /* Category.swift */,
				CC8CBBE32A570F310089F9CB /* Dishes.swift */,
			);
			path = Model;
			sourceTree = "<group>";
		};
		CC8CBBDB2A570A780089F9CB /* MainScreen */ = {
			isa = PBXGroup;
			children = (
				CC8CBBCF2A56FD920089F9CB /* MainView.swift */,
				CC8CBBD12A56FDBB0089F9CB /* DateLocalView.swift */,
				CC8CBBDC2A570BEB0089F9CB /* CategoryView.swift */,
				CC8CBBEE2A5872FC0089F9CB /* CategoryImage.swift */,
				CC8CBBF42A59AE490089F9CB /* DishesView.swift */,
				CC8CBBF62A5A81590089F9CB /* DishView.swift */,
				CC8CBBF82A5A873B0089F9CB /* PopUpView.swift */,
				CC8CBBFC2A5BD3C00089F9CB /* HorizontalCategoryView.swift */,
			);
			path = MainScreen;
			sourceTree = "<group>";
		};
		CC8CBBE02A570E170089F9CB /* ApiService */ = {
			isa = PBXGroup;
			children = (
				CC8CBBE12A570E2F0089F9CB /* ApiService.swift */,
				CC8CBBE82A570FC00089F9CB /* Endpoint.swift */,
				CC8CBBEC2A58718F0089F9CB /* ImageLoader.swift */,
			);
			path = ApiService;
			sourceTree = "<group>";
		};
		CC8CBBF02A59AABC0089F9CB /* ViewModels */ = {
			isa = PBXGroup;
			children = (
				CC8CBBEA2A5740A30089F9CB /* CategoryViewModel.swift */,
				CC8CBBF22A59AC750089F9CB /* DishesViewModel.swift */,
			);
			path = ViewModels;
			sourceTree = "<group>";
		};
		CC8CBBF12A59AAE40089F9CB /* New Group */ = {
			isa = PBXGroup;
			children = (
			);
			path = "New Group";
			sourceTree = "<group>";
		};
/* End PBXGroup section */

/* Begin PBXNativeTarget section */
		CC8CBBBA2A56F9930089F9CB /* FoodMarket */ = {
			isa = PBXNativeTarget;
			buildConfigurationList = CC8CBBC92A56F9940089F9CB /* Build configuration list for PBXNativeTarget "FoodMarket" */;
			buildPhases = (
				CC8CBBB72A56F9930089F9CB /* Sources */,
				CC8CBBB82A56F9930089F9CB /* Frameworks */,
				CC8CBBB92A56F9930089F9CB /* Resources */,
			);
			buildRules = (
			);
			dependencies = (
			);
			name = FoodMarket;
			packageProductDependencies = (
				CC8CBBE62A570FA20089F9CB /* CombineCocoa */,
			);
			productName = FoodMarket;
			productReference = CC8CBBBB2A56F9930089F9CB /* FoodMarket.app */;
			productType = "com.apple.product-type.application";
		};
/* End PBXNativeTarget section */

/* Begin PBXProject section */
		CC8CBBB32A56F9930089F9CB /* Project object */ = {
			isa = PBXProject;
			attributes = {
				BuildIndependentTargetsInParallel = 1;
				LastSwiftUpdateCheck = 1430;
				LastUpgradeCheck = 1430;
				TargetAttributes = {
					CC8CBBBA2A56F9930089F9CB = {
						CreatedOnToolsVersion = 14.3;
					};
				};
			};
			buildConfigurationList = CC8CBBB62A56F9930089F9CB /* Build configuration list for PBXProject "FoodMarket" */;
			compatibilityVersion = "Xcode 14.0";
			developmentRegion = en;
			hasScannedForEncodings = 0;
			knownRegions = (
				en,
				Base,
			);
			mainGroup = CC8CBBB22A56F9930089F9CB;
			packageReferences = (
				CC8CBBE52A570FA20089F9CB /* XCRemoteSwiftPackageReference "CombineCocoa" */,
			);
			productRefGroup = CC8CBBBC2A56F9930089F9CB /* Products */;
			projectDirPath = "";
			projectRoot = "";
			targets = (
				CC8CBBBA2A56F9930089F9CB /* FoodMarket */,
			);
		};
/* End PBXProject section */

/* Begin PBXResourcesBuildPhase section */
		CC8CBBB92A56F9930089F9CB /* Resources */ = {
			isa = PBXResourcesBuildPhase;
			buildActionMask = 2147483647;
			files = (
				CC8CBBC62A56F9940089F9CB /* Preview Assets.xcassets in Resources */,
				CC8CBBD52A5700980089F9CB /* Sfont.otf in Resources */,
				CC8CBBC32A56F9940089F9CB /* Assets.xcassets in Resources */,
			);
			runOnlyForDeploymentPostprocessing = 0;
		};
/* End PBXResourcesBuildPhase section */

/* Begin PBXSourcesBuildPhase section */
		CC8CBBB72A56F9930089F9CB /* Sources */ = {
			isa = PBXSourcesBuildPhase;
			buildActionMask = 2147483647;
			files = (
				CC8CBBF32A59AC750089F9CB /* DishesViewModel.swift in Sources */,
				CC8CBBC12A56F9930089F9CB /* ContentView.swift in Sources */,
				CC8CBBE42A570F310089F9CB /* Dishes.swift in Sources */,
				CC8CBBDF2A570DBB0089F9CB /* Category.swift in Sources */,
				CC8CBBEF2A5872FC0089F9CB /* CategoryImage.swift in Sources */,
				CC8CBBDD2A570BEB0089F9CB /* CategoryView.swift in Sources */,
				CC8CBBF52A59AE490089F9CB /* DishesView.swift in Sources */,
				CC8CBBEB2A5740A30089F9CB /* CategoryViewModel.swift in Sources */,
				CC8CBBD02A56FD920089F9CB /* MainView.swift in Sources */,
				CC8CBBF72A5A81590089F9CB /* DishView.swift in Sources */,
				CC8CBBCD2A56F9C80089F9CB /* EmptyView.swift in Sources */,
				CC8CBBFD2A5BD3C00089F9CB /* HorizontalCategoryView.swift in Sources */,
				CC8CBBE22A570E2F0089F9CB /* ApiService.swift in Sources */,
				CC8CBBBF2A56F9930089F9CB /* FoodMarketApp.swift in Sources */,
				CC8CBBD22A56FDBB0089F9CB /* DateLocalView.swift in Sources */,
				CC8CBBE92A570FC00089F9CB /* Endpoint.swift in Sources */,
				CC8CBBF92A5A873B0089F9CB /* PopUpView.swift in Sources */,
				CC8CBBED2A58718F0089F9CB /* ImageLoader.swift in Sources */,
				CC8CBBD92A5703630089F9CB /* Data + extension.swift in Sources */,
			);
			runOnlyForDeploymentPostprocessing = 0;
		};
/* End PBXSourcesBuildPhase section */

/* Begin XCBuildConfiguration section */
		CC8CBBC72A56F9940089F9CB /* Debug */ = {
			isa = XCBuildConfiguration;
			buildSettings = {
				ALWAYS_SEARCH_USER_PATHS = NO;
				CLANG_ANALYZER_NONNULL = YES;
				CLANG_ANALYZER_NUMBER_OBJECT_CONVERSION = YES_AGGRESSIVE;
				CLANG_CXX_LANGUAGE_STANDARD = "gnu++20";
				CLANG_ENABLE_MODULES = YES;
				CLANG_ENABLE_OBJC_ARC = YES;
				CLANG_ENABLE_OBJC_WEAK = YES;
				CLANG_WARN_BLOCK_CAPTURE_AUTORELEASING = YES;
				CLANG_WARN_BOOL_CONVERSION = YES;
				CLANG_WARN_COMMA = YES;
				CLANG_WARN_CONSTANT_CONVERSION = YES;
				CLANG_WARN_DEPRECATED_OBJC_IMPLEMENTATIONS = YES;
				CLANG_WARN_DIRECT_OBJC_ISA_USAGE = YES_ERROR;
				CLANG_WARN_DOCUMENTATION_COMMENTS = YES;
				CLANG_WARN_EMPTY_BODY = YES;
				CLANG_WARN_ENUM_CONVERSION = YES;
				CLANG_WARN_INFINITE_RECURSION = YES;
				CLANG_WARN_INT_CONVERSION = YES;
				CLANG_WARN_NON_LITERAL_NULL_CONVERSION = YES;
				CLANG_WARN_OBJC_IMPLICIT_RETAIN_SELF = YES;
				CLANG_WARN_OBJC_LITERAL_CONVERSION = YES;
				CLANG_WARN_OBJC_ROOT_CLASS = YES_ERROR;
				CLANG_WARN_QUOTED_INCLUDE_IN_FRAMEWORK_HEADER = YES;
				CLANG_WARN_RANGE_LOOP_ANALYSIS = YES;
				CLANG_WARN_STRICT_PROTOTYPES = YES;
				CLANG_WARN_SUSPICIOUS_MOVE = YES;
				CLANG_WARN_UNGUARDED_AVAILABILITY = YES_AGGRESSIVE;
				CLANG_WARN_UNREACHABLE_CODE = YES;
				CLANG_WARN__DUPLICATE_METHOD_MATCH = YES;
				COPY_PHASE_STRIP = NO;
				DEBUG_INFORMATION_FORMAT = dwarf;
				ENABLE_STRICT_OBJC_MSGSEND = YES;
				ENABLE_TESTABILITY = YES;
				GCC_C_LANGUAGE_STANDARD = gnu11;
				GCC_DYNAMIC_NO_PIC = NO;
				GCC_NO_COMMON_BLOCKS = YES;
				GCC_OPTIMIZATION_LEVEL = 0;
				GCC_PREPROCESSOR_DEFINITIONS = (
					"DEBUG=1",
					"$(inherited)",
				);
				GCC_WARN_64_TO_32_BIT_CONVERSION = YES;
				GCC_WARN_ABOUT_RETURN_TYPE = YES_ERROR;
				GCC_WARN_UNDECLARED_SELECTOR = YES;
				GCC_WARN_UNINITIALIZED_AUTOS = YES_AGGRESSIVE;
				GCC_WARN_UNUSED_FUNCTION = YES;
				GCC_WARN_UNUSED_VARIABLE = YES;
				IPHONEOS_DEPLOYMENT_TARGET = 16.4;
				MTL_ENABLE_DEBUG_INFO = INCLUDE_SOURCE;
				MTL_FAST_MATH = YES;
				ONLY_ACTIVE_ARCH = YES;
				SDKROOT = iphoneos;
				SWIFT_ACTIVE_COMPILATION_CONDITIONS = DEBUG;
				SWIFT_OPTIMIZATION_LEVEL = "-Onone";
			};
			name = Debug;
		};
		CC8CBBC82A56F9940089F9CB /* Release */ = {
			isa = XCBuildConfiguration;
			buildSettings = {
				ALWAYS_SEARCH_USER_PATHS = NO;
				CLANG_ANALYZER_NONNULL = YES;
				CLANG_ANALYZER_NUMBER_OBJECT_CONVERSION = YES_AGGRESSIVE;
				CLANG_CXX_LANGUAGE_STANDARD = "gnu++20";
				CLANG_ENABLE_MODULES = YES;
				CLANG_ENABLE_OBJC_ARC = YES;
				CLANG_ENABLE_OBJC_WEAK = YES;
				CLANG_WARN_BLOCK_CAPTURE_AUTORELEASING = YES;
				CLANG_WARN_BOOL_CONVERSION = YES;
				CLANG_WARN_COMMA = YES;
				CLANG_WARN_CONSTANT_CONVERSION = YES;
				CLANG_WARN_DEPRECATED_OBJC_IMPLEMENTATIONS = YES;
				CLANG_WARN_DIRECT_OBJC_ISA_USAGE = YES_ERROR;
				CLANG_WARN_DOCUMENTATION_COMMENTS = YES;
				CLANG_WARN_EMPTY_BODY = YES;
				CLANG_WARN_ENUM_CONVERSION = YES;
				CLANG_WARN_INFINITE_RECURSION = YES;
				CLANG_WARN_INT_CONVERSION = YES;
				CLANG_WARN_NON_LITERAL_NULL_CONVERSION = YES;
				CLANG_WARN_OBJC_IMPLICIT_RETAIN_SELF = YES;
				CLANG_WARN_OBJC_LITERAL_CONVERSION = YES;
				CLANG_WARN_OBJC_ROOT_CLASS = YES_ERROR;
				CLANG_WARN_QUOTED_INCLUDE_IN_FRAMEWORK_HEADER = YES;
				CLANG_WARN_RANGE_LOOP_ANALYSIS = YES;
				CLANG_WARN_STRICT_PROTOTYPES = YES;
				CLANG_WARN_SUSPICIOUS_MOVE = YES;
				CLANG_WARN_UNGUARDED_AVAILABILITY = YES_AGGRESSIVE;
				CLANG_WARN_UNREACHABLE_CODE = YES;
				CLANG_WARN__DUPLICATE_METHOD_MATCH = YES;
				COPY_PHASE_STRIP = NO;
				DEBUG_INFORMATION_FORMAT = "dwarf-with-dsym";
				ENABLE_NS_ASSERTIONS = NO;
				ENABLE_STRICT_OBJC_MSGSEND = YES;
				GCC_C_LANGUAGE_STANDARD = gnu11;
				GCC_NO_COMMON_BLOCKS = YES;
				GCC_WARN_64_TO_32_BIT_CONVERSION = YES;
				GCC_WARN_ABOUT_RETURN_TYPE = YES_ERROR;
				GCC_WARN_UNDECLARED_SELECTOR = YES;
				GCC_WARN_UNINITIALIZED_AUTOS = YES_AGGRESSIVE;
				GCC_WARN_UNUSED_FUNCTION = YES;
				GCC_WARN_UNUSED_VARIABLE = YES;
				IPHONEOS_DEPLOYMENT_TARGET = 16.4;
				MTL_ENABLE_DEBUG_INFO = NO;
				MTL_FAST_MATH = YES;
				SDKROOT = iphoneos;
				SWIFT_COMPILATION_MODE = wholemodule;
				SWIFT_OPTIMIZATION_LEVEL = "-O";
				VALIDATE_PRODUCT = YES;
			};
			name = Release;
		};
		CC8CBBCA2A56F9940089F9CB /* Debug */ = {
			isa = XCBuildConfiguration;
			buildSettings = {
				ASSETCATALOG_COMPILER_APPICON_NAME = AppIcon;
				ASSETCATALOG_COMPILER_GLOBAL_ACCENT_COLOR_NAME = AccentColor;
				CODE_SIGN_STYLE = Automatic;
				CURRENT_PROJECT_VERSION = 1;
				DEVELOPMENT_ASSET_PATHS = "\"FoodMarket/Preview Content\"";
				ENABLE_PREVIEWS = YES;
				GENERATE_INFOPLIST_FILE = YES;
				INFOPLIST_FILE = FoodMarket/Info.plist;
				INFOPLIST_KEY_UIApplicationSceneManifest_Generation = YES;
				INFOPLIST_KEY_UIApplicationSupportsIndirectInputEvents = YES;
				INFOPLIST_KEY_UILaunchScreen_Generation = YES;
				INFOPLIST_KEY_UISupportedInterfaceOrientations_iPad = "UIInterfaceOrientationPortrait UIInterfaceOrientationPortraitUpsideDown UIInterfaceOrientationLandscapeLeft UIInterfaceOrientationLandscapeRight";
				INFOPLIST_KEY_UISupportedInterfaceOrientations_iPhone = "UIInterfaceOrientationPortrait UIInterfaceOrientationLandscapeLeft UIInterfaceOrientationLandscapeRight";
				LD_RUNPATH_SEARCH_PATHS = (
					"$(inherited)",
					"@executable_path/Frameworks",
				);
				MARKETING_VERSION = 1.0;
				PRODUCT_BUNDLE_IDENTIFIER = com.dva.FoodMarket;
				PRODUCT_NAME = "$(TARGET_NAME)";
				SWIFT_EMIT_LOC_STRINGS = YES;
				SWIFT_VERSION = 5.0;
				TARGETED_DEVICE_FAMILY = "1,2";
			};
			name = Debug;
		};
		CC8CBBCB2A56F9940089F9CB /* Release */ = {
			isa = XCBuildConfiguration;
			buildSettings = {
				ASSETCATALOG_COMPILER_APPICON_NAME = AppIcon;
				ASSETCATALOG_COMPILER_GLOBAL_ACCENT_COLOR_NAME = AccentColor;
				CODE_SIGN_STYLE = Automatic;
				CURRENT_PROJECT_VERSION = 1;
				DEVELOPMENT_ASSET_PATHS = "\"FoodMarket/Preview Content\"";
				ENABLE_PREVIEWS = YES;
				GENERATE_INFOPLIST_FILE = YES;
				INFOPLIST_FILE = FoodMarket/Info.plist;
				INFOPLIST_KEY_UIApplicationSceneManifest_Generation = YES;
				INFOPLIST_KEY_UIApplicationSupportsIndirectInputEvents = YES;
				INFOPLIST_KEY_UILaunchScreen_Generation = YES;
				INFOPLIST_KEY_UISupportedInterfaceOrientations_iPad = "UIInterfaceOrientationPortrait UIInterfaceOrientationPortraitUpsideDown UIInterfaceOrientationLandscapeLeft UIInterfaceOrientationLandscapeRight";
				INFOPLIST_KEY_UISupportedInterfaceOrientations_iPhone = "UIInterfaceOrientationPortrait UIInterfaceOrientationLandscapeLeft UIInterfaceOrientationLandscapeRight";
				LD_RUNPATH_SEARCH_PATHS = (
					"$(inherited)",
					"@executable_path/Frameworks",
				);
				MARKETING_VERSION = 1.0;
				PRODUCT_BUNDLE_IDENTIFIER = com.dva.FoodMarket;
				PRODUCT_NAME = "$(TARGET_NAME)";
				SWIFT_EMIT_LOC_STRINGS = YES;
				SWIFT_VERSION = 5.0;
				TARGETED_DEVICE_FAMILY = "1,2";
			};
			name = Release;
		};
/* End XCBuildConfiguration section */

/* Begin XCConfigurationList section */
		CC8CBBB62A56F9930089F9CB /* Build configuration list for PBXProject "FoodMarket" */ = {
			isa = XCConfigurationList;
			buildConfigurations = (
				CC8CBBC72A56F9940089F9CB /* Debug */,
				CC8CBBC82A56F9940089F9CB /* Release */,
			);
			defaultConfigurationIsVisible = 0;
			defaultConfigurationName = Release;
		};
		CC8CBBC92A56F9940089F9CB /* Build configuration list for PBXNativeTarget "FoodMarket" */ = {
			isa = XCConfigurationList;
			buildConfigurations = (
				CC8CBBCA2A56F9940089F9CB /* Debug */,
				CC8CBBCB2A56F9940089F9CB /* Release */,
			);
			defaultConfigurationIsVisible = 0;
			defaultConfigurationName = Release;
		};
/* End XCConfigurationList section */

/* Begin XCRemoteSwiftPackageReference section */
		CC8CBBE52A570FA20089F9CB /* XCRemoteSwiftPackageReference "CombineCocoa" */ = {
			isa = XCRemoteSwiftPackageReference;
			repositoryURL = "https://github.com/CombineCommunity/CombineCocoa.git";
			requirement = {
				kind = upToNextMajorVersion;
				minimumVersion = 0.4.1;
			};
		};
/* End XCRemoteSwiftPackageReference section */

/* Begin XCSwiftPackageProductDependency section */
		CC8CBBE62A570FA20089F9CB /* CombineCocoa */ = {
			isa = XCSwiftPackageProductDependency;
			package = CC8CBBE52A570FA20089F9CB /* XCRemoteSwiftPackageReference "CombineCocoa" */;
			productName = CombineCocoa;
		};
/* End XCSwiftPackageProductDependency section */
	};
	rootObject = CC8CBBB32A56F9930089F9CB /* Project object */;
}
